// !$*UTF8*$!
{
	archiveVersion = 1;
	classes = {
	};
	objectVersion = 77;
	objects = {

/* Begin PBXContainerItemProxy section */
		D8EEB5992CE8E1B1001B064E /* PBXContainerItemProxy */ = {
			isa = PBXContainerItemProxy;
			containerPortal = D8EEB5802CE8E1AE001B064E /* Project object */;
			proxyType = 1;
			remoteGlobalIDString = D8EEB5872CE8E1AE001B064E;
			remoteInfo = tempratureConverter;
		};
		D8EEB5A32CE8E1B1001B064E /* PBXContainerItemProxy */ = {
			isa = PBXContainerItemProxy;
			containerPortal = D8EEB5802CE8E1AE001B064E /* Project object */;
			proxyType = 1;
			remoteGlobalIDString = D8EEB5872CE8E1AE001B064E;
			remoteInfo = tempratureConverter;
		};
/* End PBXContainerItemProxy section */

/* Begin PBXFileReference section */
		D8EEB5882CE8E1AE001B064E /* tempratureConverter.app */ = {isa = PBXFileReference; explicitFileType = wrapper.application; includeInIndex = 0; path = tempratureConverter.app; sourceTree = BUILT_PRODUCTS_DIR; };
		D8EEB5982CE8E1B1001B064E /* tempratureConverterTests.xctest */ = {isa = PBXFileReference; explicitFileType = wrapper.cfbundle; includeInIndex = 0; path = tempratureConverterTests.xctest; sourceTree = BUILT_PRODUCTS_DIR; };
		D8EEB5A22CE8E1B1001B064E /* tempratureConverterUITests.xctest */ = {isa = PBXFileReference; explicitFileType = wrapper.cfbundle; includeInIndex = 0; path = tempratureConverterUITests.xctest; sourceTree = BUILT_PRODUCTS_DIR; };
/* End PBXFileReference section */

/* Begin PBXFileSystemSynchronizedRootGroup section */
		D8EEB58A2CE8E1AE001B064E /* tempratureConverter */ = {
			isa = PBXFileSystemSynchronizedRootGroup;
			path = tempratureConverter;
			sourceTree = "<group>";
		};
		D8EEB59B2CE8E1B1001B064E /* tempratureConverterTests */ = {
			isa = PBXFileSystemSynchronizedRootGroup;
			path = tempratureConverterTests;
			sourceTree = "<group>";
		};
		D8EEB5A52CE8E1B1001B064E /* tempratureConverterUITests */ = {
			isa = PBXFileSystemSynchronizedRootGroup;
			path = tempratureConverterUITests;
			sourceTree = "<group>";
		};
/* End PBXFileSystemSynchronizedRootGroup section */

/* Begin PBXFrameworksBuildPhase section */
		D8EEB5852CE8E1AE001B064E /* Frameworks */ = {
			isa = PBXFrameworksBuildPhase;
			buildActionMask = 2147483647;
			files = (
			);
			runOnlyForDeploymentPostprocessing = 0;
		};
		D8EEB5952CE8E1B1001B064E /* Frameworks */ = {
			isa = PBXFrameworksBuildPhase;
			buildActionMask = 2147483647;
			files = (
			);
			runOnlyForDeploymentPostprocessing = 0;
		};
		D8EEB59F2CE8E1B1001B064E /* Frameworks */ = {
			isa = PBXFrameworksBuildPhase;
			buildActionMask = 2147483647;
			files = (
			);
			runOnlyForDeploymentPostprocessing = 0;
		};
/* End PBXFrameworksBuildPhase section */

/* Begin PBXGroup section */
		D8EEB57F2CE8E1AE001B064E = {
			isa = PBXGroup;
			children = (
				D8EEB58A2CE8E1AE001B064E /* tempratureConverter */,
				D8EEB59B2CE8E1B1001B064E /* tempratureConverterTests */,
				D8EEB5A52CE8E1B1001B064E /* tempratureConverterUITests */,
				D8EEB5892CE8E1AE001B064E /* Products */,
			);
			sourceTree = "<group>";
		};
		D8EEB5892CE8E1AE001B064E /* Products */ = {
			isa = PBXGroup;
			children = (
				D8EEB5882CE8E1AE001B064E /* tempratureConverter.app */,
				D8EEB5982CE8E1B1001B064E /* tempratureConverterTests.xctest */,
				D8EEB5A22CE8E1B1001B064E /* tempratureConverterUITests.xctest */,
			);
			name = Products;
			sourceTree = "<group>";
		};
/* End PBXGroup section */

/* Begin PBXNativeTarget section */
		D8EEB5872CE8E1AE001B064E /* tempratureConverter */ = {
			isa = PBXNativeTarget;
			buildConfigurationList = D8EEB5AC2CE8E1B1001B064E /* Build configuration list for PBXNativeTarget "tempratureConverter" */;
			buildPhases = (
				D8EEB5842CE8E1AE001B064E /* Sources */,
				D8EEB5852CE8E1AE001B064E /* Frameworks */,
				D8EEB5862CE8E1AE001B064E /* Resources */,
			);
			buildRules = (
			);
			dependencies = (
			);
			fileSystemSynchronizedGroups = (
				D8EEB58A2CE8E1AE001B064E /* tempratureConverter */,
			);
			name = tempratureConverter;
			packageProductDependencies = (
			);
			productName = tempratureConverter;
			productReference = D8EEB5882CE8E1AE001B064E /* tempratureConverter.app */;
			productType = "com.apple.product-type.application";
		};
		D8EEB5972CE8E1B1001B064E /* tempratureConverterTests */ = {
			isa = PBXNativeTarget;
			buildConfigurationList = D8EEB5AF2CE8E1B1001B064E /* Build configuration list for PBXNativeTarget "tempratureConverterTests" */;
			buildPhases = (
				D8EEB5942CE8E1B1001B064E /* Sources */,
				D8EEB5952CE8E1B1001B064E /* Frameworks */,
				D8EEB5962CE8E1B1001B064E /* Resources */,
			);
			buildRules = (
			);
			dependencies = (
				D8EEB59A2CE8E1B1001B064E /* PBXTargetDependency */,
			);
			fileSystemSynchronizedGroups = (
				D8EEB59B2CE8E1B1001B064E /* tempratureConverterTests */,
			);
			name = tempratureConverterTests;
			packageProductDependencies = (
			);
			productName = tempratureConverterTests;
			productReference = D8EEB5982CE8E1B1001B064E /* tempratureConverterTests.xctest */;
			productType = "com.apple.product-type.bundle.unit-test";
		};
		D8EEB5A12CE8E1B1001B064E /* tempratureConverterUITests */ = {
			isa = PBXNativeTarget;
			buildConfigurationList = D8EEB5B22CE8E1B1001B064E /* Build configuration list for PBXNativeTarget "tempratureConverterUITests" */;
			buildPhases = (
				D8EEB59E2CE8E1B1001B064E /* Sources */,
				D8EEB59F2CE8E1B1001B064E /* Frameworks */,
				D8EEB5A02CE8E1B1001B064E /* Resources */,
			);
			buildRules = (
			);
			dependencies = (
				D8EEB5A42CE8E1B1001B064E /* PBXTargetDependency */,
			);
			fileSystemSynchronizedGroups = (
				D8EEB5A52CE8E1B1001B064E /* tempratureConverterUITests */,
			);
			name = tempratureConverterUITests;
			packageProductDependencies = (
			);
			productName = tempratureConverterUITests;
			productReference = D8EEB5A22CE8E1B1001B064E /* tempratureConverterUITests.xctest */;
			productType = "com.apple.product-type.bundle.ui-testing";
		};
/* End PBXNativeTarget section */

/* Begin PBXProject section */
		D8EEB5802CE8E1AE001B064E /* Project object */ = {
			isa = PBXProject;
			attributes = {
				BuildIndependentTargetsInParallel = 1;
				LastSwiftUpdateCheck = 1610;
				LastUpgradeCheck = 1610;
				TargetAttributes = {
					D8EEB5872CE8E1AE001B064E = {
						CreatedOnToolsVersion = 16.1;
					};
					D8EEB5972CE8E1B1001B064E = {
						CreatedOnToolsVersion = 16.1;
						TestTargetID = D8EEB5872CE8E1AE001B064E;
					};
					D8EEB5A12CE8E1B1001B064E = {
						CreatedOnToolsVersion = 16.1;
						TestTargetID = D8EEB5872CE8E1AE001B064E;
					};
				};
			};
			buildConfigurationList = D8EEB5832CE8E1AE001B064E /* Build configuration list for PBXProject "tempratureConverter" */;
			developmentRegion = en;
			hasScannedForEncodings = 0;
			knownRegions = (
				en,
				Base,
			);
			mainGroup = D8EEB57F2CE8E1AE001B064E;
			minimizedProjectReferenceProxies = 1;
			preferredProjectObjectVersion = 77;
			productRefGroup = D8EEB5892CE8E1AE001B064E /* Products */;
			projectDirPath = "";
			projectRoot = "";
			targets = (
				D8EEB5872CE8E1AE001B064E /* tempratureConverter */,
				D8EEB5972CE8E1B1001B064E /* tempratureConverterTests */,
				D8EEB5A12CE8E1B1001B064E /* tempratureConverterUITests */,
			);
		};
/* End PBXProject section */

/* Begin PBXResourcesBuildPhase section */
		D8EEB5862CE8E1AE001B064E /* Resources */ = {
			isa = PBXResourcesBuildPhase;
			buildActionMask = 2147483647;
			files = (
			);
			runOnlyForDeploymentPostprocessing = 0;
		};
		D8EEB5962CE8E1B1001B064E /* Resources */ = {
			isa = PBXResourcesBuildPhase;
			buildActionMask = 2147483647;
			files = (
			);
			runOnlyForDeploymentPostprocessing = 0;
		};
		D8EEB5A02CE8E1B1001B064E /* Resources */ = {
			isa = PBXResourcesBuildPhase;
			buildActionMask = 2147483647;
			files = (
			);
			runOnlyForDeploymentPostprocessing = 0;
		};
/* End PBXResourcesBuildPhase section */

/* Begin PBXSourcesBuildPhase section */
		D8EEB5842CE8E1AE001B064E /* Sources */ = {
			isa = PBXSourcesBuildPhase;
			buildActionMask = 2147483647;
			files = (
			);
			runOnlyForDeploymentPostprocessing = 0;
		};
		D8EEB5942CE8E1B1001B064E /* Sources */ = {
			isa = PBXSourcesBuildPhase;
			buildActionMask = 2147483647;
			files = (
			);
			runOnlyForDeploymentPostprocessing = 0;
		};
		D8EEB59E2CE8E1B1001B064E /* Sources */ = {
			isa = PBXSourcesBuildPhase;
			buildActionMask = 2147483647;
			files = (
			);
			runOnlyForDeploymentPostprocessing = 0;
		};
/* End PBXSourcesBuildPhase section */

/* Begin PBXTargetDependency section */
		D8EEB59A2CE8E1B1001B064E /* PBXTargetDependency */ = {
			isa = PBXTargetDependency;
			target = D8EEB5872CE8E1AE001B064E /* tempratureConverter */;
			targetProxy = D8EEB5992CE8E1B1001B064E /* PBXContainerItemProxy */;
		};
		D8EEB5A42CE8E1B1001B064E /* PBXTargetDependency */ = {
			isa = PBXTargetDependency;
			target = D8EEB5872CE8E1AE001B064E /* tempratureConverter */;
			targetProxy = D8EEB5A32CE8E1B1001B064E /* PBXContainerItemProxy */;
		};
/* End PBXTargetDependency section */

/* Begin XCBuildConfiguration section */
		D8EEB5AA2CE8E1B1001B064E /* Debug */ = {
			isa = XCBuildConfiguration;
			buildSettings = {
				ALWAYS_SEARCH_USER_PATHS = NO;
				ASSETCATALOG_COMPILER_GENERATE_SWIFT_ASSET_SYMBOL_EXTENSIONS = YES;
				CLANG_ANALYZER_NONNULL = YES;
				CLANG_ANALYZER_NUMBER_OBJECT_CONVERSION = YES_AGGRESSIVE;
				CLANG_CXX_LANGUAGE_STANDARD = "gnu++20";
				CLANG_ENABLE_MODULES = YES;
				CLANG_ENABLE_OBJC_ARC = YES;
				CLANG_ENABLE_OBJC_WEAK = YES;
				CLANG_WARN_BLOCK_CAPTURE_AUTORELEASING = YES;
				CLANG_WARN_BOOL_CONVERSION = YES;
				CLANG_WARN_COMMA = YES;
				CLANG_WARN_CONSTANT_CONVERSION = YES;
				CLANG_WARN_DEPRECATED_OBJC_IMPLEMENTATIONS = YES;
				CLANG_WARN_DIRECT_OBJC_ISA_USAGE = YES_ERROR;
				CLANG_WARN_DOCUMENTATION_COMMENTS = YES;
				CLANG_WARN_EMPTY_BODY = YES;
				CLANG_WARN_ENUM_CONVERSION = YES;
				CLANG_WARN_INFINITE_RECURSION = YES;
				CLANG_WARN_INT_CONVERSION = YES;
				CLANG_WARN_NON_LITERAL_NULL_CONVERSION = YES;
				CLANG_WARN_OBJC_IMPLICIT_RETAIN_SELF = YES;
				CLANG_WARN_OBJC_LITERAL_CONVERSION = YES;
				CLANG_WARN_OBJC_ROOT_CLASS = YES_ERROR;
				CLANG_WARN_QUOTED_INCLUDE_IN_FRAMEWORK_HEADER = YES;
				CLANG_WARN_RANGE_LOOP_ANALYSIS = YES;
				CLANG_WARN_STRICT_PROTOTYPES = YES;
				CLANG_WARN_SUSPICIOUS_MOVE = YES;
				CLANG_WARN_UNGUARDED_AVAILABILITY = YES_AGGRESSIVE;
				CLANG_WARN_UNREACHABLE_CODE = YES;
				CLANG_WARN__DUPLICATE_METHOD_MATCH = YES;
				COPY_PHASE_STRIP = NO;
				DEBUG_INFORMATION_FORMAT = dwarf;
				ENABLE_STRICT_OBJC_MSGSEND = YES;
				ENABLE_TESTABILITY = YES;
				ENABLE_USER_SCRIPT_SANDBOXING = YES;
				GCC_C_LANGUAGE_STANDARD = gnu17;
				GCC_DYNAMIC_NO_PIC = NO;
				GCC_NO_COMMON_BLOCKS = YES;
				GCC_OPTIMIZATION_LEVEL = 0;
				GCC_PREPROCESSOR_DEFINITIONS = (
					"DEBUG=1",
					"$(inherited)",
				);
				GCC_WARN_64_TO_32_BIT_CONVERSION = YES;
				GCC_WARN_ABOUT_RETURN_TYPE = YES_ERROR;
				GCC_WARN_UNDECLARED_SELECTOR = YES;
				GCC_WARN_UNINITIALIZED_AUTOS = YES_AGGRESSIVE;
				GCC_WARN_UNUSED_FUNCTION = YES;
				GCC_WARN_UNUSED_VARIABLE = YES;
				IPHONEOS_DEPLOYMENT_TARGET = 18.1;
				LOCALIZATION_PREFERS_STRING_CATALOGS = YES;
				MTL_ENABLE_DEBUG_INFO = INCLUDE_SOURCE;
				MTL_FAST_MATH = YES;
				ONLY_ACTIVE_ARCH = YES;
				SDKROOT = iphoneos;
				SWIFT_ACTIVE_COMPILATION_CONDITIONS = "DEBUG $(inherited)";
				SWIFT_OPTIMIZATION_LEVEL = "-Onone";
			};
			name = Debug;
		};
		D8EEB5AB2CE8E1B1001B064E /* Release */ = {
			isa = XCBuildConfiguration;
			buildSettings = {
				ALWAYS_SEARCH_USER_PATHS = NO;
				ASSETCATALOG_COMPILER_GENERATE_SWIFT_ASSET_SYMBOL_EXTENSIONS = YES;
				CLANG_ANALYZER_NONNULL = YES;
				CLANG_ANALYZER_NUMBER_OBJECT_CONVERSION = YES_AGGRESSIVE;
				CLANG_CXX_LANGUAGE_STANDARD = "gnu++20";
				CLANG_ENABLE_MODULES = YES;
				CLANG_ENABLE_OBJC_ARC = YES;
				CLANG_ENABLE_OBJC_WEAK = YES;
				CLANG_WARN_BLOCK_CAPTURE_AUTORELEASING = YES;
				CLANG_WARN_BOOL_CONVERSION = YES;
				CLANG_WARN_COMMA = YES;
				CLANG_WARN_CONSTANT_CONVERSION = YES;
				CLANG_WARN_DEPRECATED_OBJC_IMPLEMENTATIONS = YES;
				CLANG_WARN_DIRECT_OBJC_ISA_USAGE = YES_ERROR;
				CLANG_WARN_DOCUMENTATION_COMMENTS = YES;
				CLANG_WARN_EMPTY_BODY = YES;
				CLANG_WARN_ENUM_CONVERSION = YES;
				CLANG_WARN_INFINITE_RECURSION = YES;
				CLANG_WARN_INT_CONVERSION = YES;
				CLANG_WARN_NON_LITERAL_NULL_CONVERSION = YES;
				CLANG_WARN_OBJC_IMPLICIT_RETAIN_SELF = YES;
				CLANG_WARN_OBJC_LITERAL_CONVERSION = YES;
				CLANG_WARN_OBJC_ROOT_CLASS = YES_ERROR;
				CLANG_WARN_QUOTED_INCLUDE_IN_FRAMEWORK_HEADER = YES;
				CLANG_WARN_RANGE_LOOP_ANALYSIS = YES;
				CLANG_WARN_STRICT_PROTOTYPES = YES;
				CLANG_WARN_SUSPICIOUS_MOVE = YES;
				CLANG_WARN_UNGUARDED_AVAILABILITY = YES_AGGRESSIVE;
				CLANG_WARN_UNREACHABLE_CODE = YES;
				CLANG_WARN__DUPLICATE_METHOD_MATCH = YES;
				COPY_PHASE_STRIP = NO;
				DEBUG_INFORMATION_FORMAT = "dwarf-with-dsym";
				ENABLE_NS_ASSERTIONS = NO;
				ENABLE_STRICT_OBJC_MSGSEND = YES;
				ENABLE_USER_SCRIPT_SANDBOXING = YES;
				GCC_C_LANGUAGE_STANDARD = gnu17;
				GCC_NO_COMMON_BLOCKS = YES;
				GCC_WARN_64_TO_32_BIT_CONVERSION = YES;
				GCC_WARN_ABOUT_RETURN_TYPE = YES_ERROR;
				GCC_WARN_UNDECLARED_SELECTOR = YES;
				GCC_WARN_UNINITIALIZED_AUTOS = YES_AGGRESSIVE;
				GCC_WARN_UNUSED_FUNCTION = YES;
				GCC_WARN_UNUSED_VARIABLE = YES;
				IPHONEOS_DEPLOYMENT_TARGET = 18.1;
				LOCALIZATION_PREFERS_STRING_CATALOGS = YES;
				MTL_ENABLE_DEBUG_INFO = NO;
				MTL_FAST_MATH = YES;
				SDKROOT = iphoneos;
				SWIFT_COMPILATION_MODE = wholemodule;
				VALIDATE_PRODUCT = YES;
			};
			name = Release;
		};
		D8EEB5AD2CE8E1B1001B064E /* Debug */ = {
			isa = XCBuildConfiguration;
			buildSettings = {
				ASSETCATALOG_COMPILER_APPICON_NAME = AppIcon;
				ASSETCATALOG_COMPILER_GLOBAL_ACCENT_COLOR_NAME = AccentColor;
				CODE_SIGN_STYLE = Automatic;
				CURRENT_PROJECT_VERSION = 1;
				DEVELOPMENT_ASSET_PATHS = "\"tempratureConverter/Preview Content\"";
				DEVELOPMENT_TEAM = SZ3RC3P8B5;
				ENABLE_PREVIEWS = YES;
				GENERATE_INFOPLIST_FILE = YES;
				INFOPLIST_KEY_UIApplicationSceneManifest_Generation = YES;
				INFOPLIST_KEY_UIApplicationSupportsIndirectInputEvents = YES;
				INFOPLIST_KEY_UILaunchScreen_Generation = YES;
				INFOPLIST_KEY_UISupportedInterfaceOrientations_iPad = "UIInterfaceOrientationPortrait UIInterfaceOrientationPortraitUpsideDown UIInterfaceOrientationLandscapeLeft UIInterfaceOrientationLandscapeRight";
				INFOPLIST_KEY_UISupportedInterfaceOrientations_iPhone = "UIInterfaceOrientationPortrait UIInterfaceOrientationLandscapeLeft UIInterfaceOrientationLandscapeRight";
				LD_RUNPATH_SEARCH_PATHS = (
					"$(inherited)",
					"@executable_path/Frameworks",
				);
				MARKETING_VERSION = 1.0;
				PRODUCT_BUNDLE_IDENTIFIER = Tanmay.tempratureConverter;
				PRODUCT_NAME = "$(TARGET_NAME)";
				SWIFT_EMIT_LOC_STRINGS = YES;
				SWIFT_VERSION = 5.0;
				TARGETED_DEVICE_FAMILY = "1,2";
			};
			name = Debug;
		};
		D8EEB5AE2CE8E1B1001B064E /* Release */ = {
			isa = XCBuildConfiguration;
			buildSettings = {
				ASSETCATALOG_COMPILER_APPICON_NAME = AppIcon;
				ASSETCATALOG_COMPILER_GLOBAL_ACCENT_COLOR_NAME = AccentColor;
				CODE_SIGN_STYLE = Automatic;
				CURRENT_PROJECT_VERSION = 1;
				DEVELOPMENT_ASSET_PATHS = "\"tempratureConverter/Preview Content\"";
				DEVELOPMENT_TEAM = SZ3RC3P8B5;
				ENABLE_PREVIEWS = YES;
				GENERATE_INFOPLIST_FILE = YES;
				INFOPLIST_KEY_UIApplicationSceneManifest_Generation = YES;
				INFOPLIST_KEY_UIApplicationSupportsIndirectInputEvents = YES;
				INFOPLIST_KEY_UILaunchScreen_Generation = YES;
				INFOPLIST_KEY_UISupportedInterfaceOrientations_iPad = "UIInterfaceOrientationPortrait UIInterfaceOrientationPortraitUpsideDown UIInterfaceOrientationLandscapeLeft UIInterfaceOrientationLandscapeRight";
				INFOPLIST_KEY_UISupportedInterfaceOrientations_iPhone = "UIInterfaceOrientationPortrait UIInterfaceOrientationLandscapeLeft UIInterfaceOrientationLandscapeRight";
				LD_RUNPATH_SEARCH_PATHS = (
					"$(inherited)",
					"@executable_path/Frameworks",
				);
				MARKETING_VERSION = 1.0;
				PRODUCT_BUNDLE_IDENTIFIER = Tanmay.tempratureConverter;
				PRODUCT_NAME = "$(TARGET_NAME)";
				SWIFT_EMIT_LOC_STRINGS = YES;
				SWIFT_VERSION = 5.0;
				TARGETED_DEVICE_FAMILY = "1,2";
			};
			name = Release;
		};
		D8EEB5B02CE8E1B1001B064E /* Debug */ = {
			isa = XCBuildConfiguration;
			buildSettings = {
				BUNDLE_LOADER = "$(TEST_HOST)";
				CODE_SIGN_STYLE = Automatic;
				CURRENT_PROJECT_VERSION = 1;
				DEVELOPMENT_TEAM = SZ3RC3P8B5;
				GENERATE_INFOPLIST_FILE = YES;
				IPHONEOS_DEPLOYMENT_TARGET = 18.1;
				MARKETING_VERSION = 1.0;
				PRODUCT_BUNDLE_IDENTIFIER = Tanmay.tempratureConverterTests;
				PRODUCT_NAME = "$(TARGET_NAME)";
				SWIFT_EMIT_LOC_STRINGS = NO;
				SWIFT_VERSION = 5.0;
				TARGETED_DEVICE_FAMILY = "1,2";
				TEST_HOST = "$(BUILT_PRODUCTS_DIR)/tempratureConverter.app/$(BUNDLE_EXECUTABLE_FOLDER_PATH)/tempratureConverter";
			};
			name = Debug;
		};
		D8EEB5B12CE8E1B1001B064E /* Release */ = {
			isa = XCBuildConfiguration;
			buildSettings = {
				BUNDLE_LOADER = "$(TEST_HOST)";
				CODE_SIGN_STYLE = Automatic;
				CURRENT_PROJECT_VERSION = 1;
				DEVELOPMENT_TEAM = SZ3RC3P8B5;
				GENERATE_INFOPLIST_FILE = YES;
				IPHONEOS_DEPLOYMENT_TARGET = 18.1;
				MARKETING_VERSION = 1.0;
				PRODUCT_BUNDLE_IDENTIFIER = Tanmay.tempratureConverterTests;
				PRODUCT_NAME = "$(TARGET_NAME)";
				SWIFT_EMIT_LOC_STRINGS = NO;
				SWIFT_VERSION = 5.0;
				TARGETED_DEVICE_FAMILY = "1,2";
				TEST_HOST = "$(BUILT_PRODUCTS_DIR)/tempratureConverter.app/$(BUNDLE_EXECUTABLE_FOLDER_PATH)/tempratureConverter";
			};
			name = Release;
		};
		D8EEB5B32CE8E1B1001B064E /* Debug */ = {
			isa = XCBuildConfiguration;
			buildSettings = {
				CODE_SIGN_STYLE = Automatic;
				CURRENT_PROJECT_VERSION = 1;
				DEVELOPMENT_TEAM = SZ3RC3P8B5;
				GENERATE_INFOPLIST_FILE = YES;
				MARKETING_VERSION = 1.0;
				PRODUCT_BUNDLE_IDENTIFIER = Tanmay.tempratureConverterUITests;
				PRODUCT_NAME = "$(TARGET_NAME)";
				SWIFT_EMIT_LOC_STRINGS = NO;
				SWIFT_VERSION = 5.0;
				TARGETED_DEVICE_FAMILY = "1,2";
				TEST_TARGET_NAME = tempratureConverter;
			};
			name = Debug;
		};
		D8EEB5B42CE8E1B1001B064E /* Release */ = {
			isa = XCBuildConfiguration;
			buildSettings = {
				CODE_SIGN_STYLE = Automatic;
				CURRENT_PROJECT_VERSION = 1;
				DEVELOPMENT_TEAM = SZ3RC3P8B5;
				GENERATE_INFOPLIST_FILE = YES;
				MARKETING_VERSION = 1.0;
				PRODUCT_BUNDLE_IDENTIFIER = Tanmay.tempratureConverterUITests;
				PRODUCT_NAME = "$(TARGET_NAME)";
				SWIFT_EMIT_LOC_STRINGS = NO;
				SWIFT_VERSION = 5.0;
				TARGETED_DEVICE_FAMILY = "1,2";
				TEST_TARGET_NAME = tempratureConverter;
			};
			name = Release;
		};
/* End XCBuildConfiguration section */

/* Begin XCConfigurationList section */
		D8EEB5832CE8E1AE001B064E /* Build configuration list for PBXProject "tempratureConverter" */ = {
			isa = XCConfigurationList;
			buildConfigurations = (
				D8EEB5AA2CE8E1B1001B064E /* Debug */,
				D8EEB5AB2CE8E1B1001B064E /* Release */,
			);
			defaultConfigurationIsVisible = 0;
			defaultConfigurationName = Release;
		};
		D8EEB5AC2CE8E1B1001B064E /* Build configuration list for PBXNativeTarget "tempratureConverter" */ = {
			isa = XCConfigurationList;
			buildConfigurations = (
				D8EEB5AD2CE8E1B1001B064E /* Debug */,
				D8EEB5AE2CE8E1B1001B064E /* Release */,
			);
			defaultConfigurationIsVisible = 0;
			defaultConfigurationName = Release;
		};
		D8EEB5AF2CE8E1B1001B064E /* Build configuration list for PBXNativeTarget "tempratureConverterTests" */ = {
			isa = XCConfigurationList;
			buildConfigurations = (
				D8EEB5B02CE8E1B1001B064E /* Debug */,
				D8EEB5B12CE8E1B1001B064E /* Release */,
			);
			defaultConfigurationIsVisible = 0;
			defaultConfigurationName = Release;
		};
		D8EEB5B22CE8E1B1001B064E /* Build configuration list for PBXNativeTarget "tempratureConverterUITests" */ = {
			isa = XCConfigurationList;
			buildConfigurations = (
				D8EEB5B32CE8E1B1001B064E /* Debug */,
				D8EEB5B42CE8E1B1001B064E /* Release */,
			);
			defaultConfigurationIsVisible = 0;
			defaultConfigurationName = Release;
		};
/* End XCConfigurationList section */
	};
	rootObject = D8EEB5802CE8E1AE001B064E /* Project object */;
}
